
Microsoft Visual Studio Solution File, Format Version 12.00
# Visual Studio Version 17
VisualStudioVersion = 17.8.34330.188
MinimumVisualStudioVersion = 10.0.40219.1
Project("{FAE04EC0-301F-11D3-BF4B-00C04F79EFBC}") = "Lab2", "Lab2\Lab2.csproj", "{36FAD746-E59F-42A4-909D-8214B819F314}"
EndProject
Project("{FAE04EC0-301F-11D3-BF4B-00C04F79EFBC}") = "Bai2", "Bai2\Bai2.csproj", "{AAF54E74-2F58-4890-A419-33C5C87322FC}"
EndProject
Global
	GlobalSection(SolutionConfigurationPlatforms) = preSolution
		Debug|Any CPU = Debug|Any CPU
		Release|Any CPU = Release|Any CPU
	EndGlobalSection
	GlobalSection(ProjectConfigurationPlatforms) = postSolution
		{36FAD746-E59F-42A4-909D-8214B819F314}.Debug|Any CPU.ActiveCfg = Debug|Any CPU
		{36FAD746-E59F-42A4-909D-8214B819F314}.Debug|Any CPU.Build.0 = Debug|Any CPU
		{36FAD746-E59F-42A4-909D-8214B819F314}.Release|Any CPU.ActiveCfg = Release|Any CPU
		{36FAD746-E59F-42A4-909D-8214B819F314}.Release|Any CPU.Build.0 = Release|Any CPU
		{AAF54E74-2F58-4890-A419-33C5C87322FC}.Debug|Any CPU.ActiveCfg = Debug|Any CPU
		{AAF54E74-2F58-4890-A419-33C5C87322FC}.Debug|Any CPU.Build.0 = Debug|Any CPU
		{AAF54E74-2F58-4890-A419-33C5C87322FC}.Release|Any CPU.ActiveCfg = Release|Any CPU
		{AAF54E74-2F58-4890-A419-33C5C87322FC}.Release|Any CPU.Build.0 = Release|Any CPU
	EndGlobalSection
	GlobalSection(SolutionProperties) = preSolution
		HideSolutionNode = FALSE
	EndGlobalSection
	GlobalSection(ExtensibilityGlobals) = postSolution
		SolutionGuid = {E40E038A-0751-41F5-AAEA-D5C6AD3010E7}
	EndGlobalSection
EndGlobal
